// !$*UTF8*$!
{
	archiveVersion = 1;
	classes = {
	};
	objectVersion = 55;
	objects = {

/* Begin PBXBuildFile section */
		873C2E5428C90EBE00D41C6E /* UIViewControllerExtension.swift in Sources */ = {isa = PBXBuildFile; fileRef = 873C2E5328C90EBE00D41C6E /* UIViewControllerExtension.swift */; };
		873C2E5628CB3B7300D41C6E /* CoreDataManager.swift in Sources */ = {isa = PBXBuildFile; fileRef = 873C2E5528CB3B7300D41C6E /* CoreDataManager.swift */; };
		873C2E5828CB50D000D41C6E /* RegexHelper.swift in Sources */ = {isa = PBXBuildFile; fileRef = 873C2E5728CB50D000D41C6E /* RegexHelper.swift */; };
		878BB56428CDB4D300D39298 /* LocalizationModel.swift in Sources */ = {isa = PBXBuildFile; fileRef = 878BB56328CDB4D300D39298 /* LocalizationModel.swift */; };
		879F5EA328C262FF00CA7F79 /* AppDelegate.swift in Sources */ = {isa = PBXBuildFile; fileRef = 879F5EA228C262FF00CA7F79 /* AppDelegate.swift */; };
		879F5EA528C262FF00CA7F79 /* SceneDelegate.swift in Sources */ = {isa = PBXBuildFile; fileRef = 879F5EA428C262FF00CA7F79 /* SceneDelegate.swift */; };
		879F5EAD28C262FF00CA7F79 /* IOSAvanzadoDragonBall.xcdatamodeld in Sources */ = {isa = PBXBuildFile; fileRef = 879F5EAB28C262FF00CA7F79 /* IOSAvanzadoDragonBall.xcdatamodeld */; };
		879F5EAF28C2630000CA7F79 /* Assets.xcassets in Resources */ = {isa = PBXBuildFile; fileRef = 879F5EAE28C2630000CA7F79 /* Assets.xcassets */; };
		879F5EB228C2630000CA7F79 /* LaunchScreen.storyboard in Resources */ = {isa = PBXBuildFile; fileRef = 879F5EB028C2630000CA7F79 /* LaunchScreen.storyboard */; };
		879F5EBD28C2630000CA7F79 /* IOSAvanzadoDragonBallTests.swift in Sources */ = {isa = PBXBuildFile; fileRef = 879F5EBC28C2630000CA7F79 /* IOSAvanzadoDragonBallTests.swift */; };
		879F5EC728C2630000CA7F79 /* IOSAvanzadoDragonBallUITests.swift in Sources */ = {isa = PBXBuildFile; fileRef = 879F5EC628C2630000CA7F79 /* IOSAvanzadoDragonBallUITests.swift */; };
		879F5EC928C2630000CA7F79 /* IOSAvanzadoDragonBallUITestsLaunchTests.swift in Sources */ = {isa = PBXBuildFile; fileRef = 879F5EC828C2630000CA7F79 /* IOSAvanzadoDragonBallUITestsLaunchTests.swift */; };
		879F5EEB28C26C9F00CA7F79 /* WelcomeViewModel.swift in Sources */ = {isa = PBXBuildFile; fileRef = 879F5EE628C26C9F00CA7F79 /* WelcomeViewModel.swift */; };
		879F5EEC28C26C9F00CA7F79 /* WelcomeViewController.swift in Sources */ = {isa = PBXBuildFile; fileRef = 879F5EE828C26C9F00CA7F79 /* WelcomeViewController.swift */; };
		879F5EED28C26C9F00CA7F79 /* WelcomeView.xib in Resources */ = {isa = PBXBuildFile; fileRef = 879F5EEA28C26C9F00CA7F79 /* WelcomeView.xib */; };
		879F5EF928C26E1800CA7F79 /* LoginViewModel.swift in Sources */ = {isa = PBXBuildFile; fileRef = 879F5EF428C26E1800CA7F79 /* LoginViewModel.swift */; };
		879F5EFA28C26E1800CA7F79 /* LoginViewController.swift in Sources */ = {isa = PBXBuildFile; fileRef = 879F5EF628C26E1800CA7F79 /* LoginViewController.swift */; };
		879F5EFB28C26E1800CA7F79 /* LoginView.xib in Resources */ = {isa = PBXBuildFile; fileRef = 879F5EF828C26E1800CA7F79 /* LoginView.xib */; };
		879F5F0528C274A900CA7F79 /* MapViewModel.swift in Sources */ = {isa = PBXBuildFile; fileRef = 879F5F0028C274A800CA7F79 /* MapViewModel.swift */; };
		879F5F0628C274A900CA7F79 /* MapViewController.swift in Sources */ = {isa = PBXBuildFile; fileRef = 879F5F0228C274A800CA7F79 /* MapViewController.swift */; };
		879F5F0728C274A900CA7F79 /* MapView.xib in Resources */ = {isa = PBXBuildFile; fileRef = 879F5F0428C274A800CA7F79 /* MapView.xib */; };
		879F5F0928C27C7300CA7F79 /* NetworkHelper.swift in Sources */ = {isa = PBXBuildFile; fileRef = 879F5F0828C27C7300CA7F79 /* NetworkHelper.swift */; };
		879F5F0C28C27CA200CA7F79 /* HeroModel.swift in Sources */ = {isa = PBXBuildFile; fileRef = 879F5F0A28C27CA200CA7F79 /* HeroModel.swift */; };
		879F5F0D28C27CA200CA7F79 /* LocalDataModel.swift in Sources */ = {isa = PBXBuildFile; fileRef = 879F5F0B28C27CA200CA7F79 /* LocalDataModel.swift */; };
		879F5F0F28C27CC300CA7F79 /* TransformationModel.swift in Sources */ = {isa = PBXBuildFile; fileRef = 879F5F0E28C27CC300CA7F79 /* TransformationModel.swift */; };
		879F5F6C28C3380B00CA7F79 /* KeychainManager.swift in Sources */ = {isa = PBXBuildFile; fileRef = 879F5F6B28C3380B00CA7F79 /* KeychainManager.swift */; };
		87E2E90128CD466E000C44A0 /* MKMapViewExtension.swift in Sources */ = {isa = PBXBuildFile; fileRef = 87E2E90028CD466E000C44A0 /* MKMapViewExtension.swift */; };
/* End PBXBuildFile section */

/* Begin PBXContainerItemProxy section */
		879F5EB928C2630000CA7F79 /* PBXContainerItemProxy */ = {
			isa = PBXContainerItemProxy;
			containerPortal = 879F5E9728C262FF00CA7F79 /* Project object */;
			proxyType = 1;
			remoteGlobalIDString = 879F5E9E28C262FF00CA7F79;
			remoteInfo = IOSAvanzadoDragonBall;
		};
		879F5EC328C2630000CA7F79 /* PBXContainerItemProxy */ = {
			isa = PBXContainerItemProxy;
			containerPortal = 879F5E9728C262FF00CA7F79 /* Project object */;
			proxyType = 1;
			remoteGlobalIDString = 879F5E9E28C262FF00CA7F79;
			remoteInfo = IOSAvanzadoDragonBall;
		};
/* End PBXContainerItemProxy section */

/* Begin PBXFileReference section */
		873C2E5328C90EBE00D41C6E /* UIViewControllerExtension.swift */ = {isa = PBXFileReference; lastKnownFileType = sourcecode.swift; path = UIViewControllerExtension.swift; sourceTree = "<group>"; };
		873C2E5528CB3B7300D41C6E /* CoreDataManager.swift */ = {isa = PBXFileReference; lastKnownFileType = sourcecode.swift; path = CoreDataManager.swift; sourceTree = "<group>"; };
		873C2E5728CB50D000D41C6E /* RegexHelper.swift */ = {isa = PBXFileReference; lastKnownFileType = sourcecode.swift; path = RegexHelper.swift; sourceTree = "<group>"; };
		878BB56328CDB4D300D39298 /* LocalizationModel.swift */ = {isa = PBXFileReference; lastKnownFileType = sourcecode.swift; path = LocalizationModel.swift; sourceTree = "<group>"; };
		879F5E9F28C262FF00CA7F79 /* IOSAvanzadoDragonBall.app */ = {isa = PBXFileReference; explicitFileType = wrapper.application; includeInIndex = 0; path = IOSAvanzadoDragonBall.app; sourceTree = BUILT_PRODUCTS_DIR; };
		879F5EA228C262FF00CA7F79 /* AppDelegate.swift */ = {isa = PBXFileReference; lastKnownFileType = sourcecode.swift; path = AppDelegate.swift; sourceTree = "<group>"; };
		879F5EA428C262FF00CA7F79 /* SceneDelegate.swift */ = {isa = PBXFileReference; lastKnownFileType = sourcecode.swift; path = SceneDelegate.swift; sourceTree = "<group>"; };
		879F5EAC28C262FF00CA7F79 /* IOSAvanzadoDragonBall.xcdatamodel */ = {isa = PBXFileReference; lastKnownFileType = wrapper.xcdatamodel; path = IOSAvanzadoDragonBall.xcdatamodel; sourceTree = "<group>"; };
		879F5EAE28C2630000CA7F79 /* Assets.xcassets */ = {isa = PBXFileReference; lastKnownFileType = folder.assetcatalog; name = Assets.xcassets; path = IOSAvanzadoDragonBall/App/Resources/Assets.xcassets; sourceTree = SOURCE_ROOT; };
		879F5EB128C2630000CA7F79 /* Base */ = {isa = PBXFileReference; lastKnownFileType = file.storyboard; name = Base; path = Base.lproj/LaunchScreen.storyboard; sourceTree = "<group>"; };
		879F5EB328C2630000CA7F79 /* Info.plist */ = {isa = PBXFileReference; lastKnownFileType = text.plist.xml; path = Info.plist; sourceTree = "<group>"; };
		879F5EB828C2630000CA7F79 /* IOSAvanzadoDragonBallTests.xctest */ = {isa = PBXFileReference; explicitFileType = wrapper.cfbundle; includeInIndex = 0; path = IOSAvanzadoDragonBallTests.xctest; sourceTree = BUILT_PRODUCTS_DIR; };
		879F5EBC28C2630000CA7F79 /* IOSAvanzadoDragonBallTests.swift */ = {isa = PBXFileReference; lastKnownFileType = sourcecode.swift; path = IOSAvanzadoDragonBallTests.swift; sourceTree = "<group>"; };
		879F5EC228C2630000CA7F79 /* IOSAvanzadoDragonBallUITests.xctest */ = {isa = PBXFileReference; explicitFileType = wrapper.cfbundle; includeInIndex = 0; path = IOSAvanzadoDragonBallUITests.xctest; sourceTree = BUILT_PRODUCTS_DIR; };
		879F5EC628C2630000CA7F79 /* IOSAvanzadoDragonBallUITests.swift */ = {isa = PBXFileReference; lastKnownFileType = sourcecode.swift; path = IOSAvanzadoDragonBallUITests.swift; sourceTree = "<group>"; };
		879F5EC828C2630000CA7F79 /* IOSAvanzadoDragonBallUITestsLaunchTests.swift */ = {isa = PBXFileReference; lastKnownFileType = sourcecode.swift; path = IOSAvanzadoDragonBallUITestsLaunchTests.swift; sourceTree = "<group>"; };
		879F5EE628C26C9F00CA7F79 /* WelcomeViewModel.swift */ = {isa = PBXFileReference; fileEncoding = 4; lastKnownFileType = sourcecode.swift; path = WelcomeViewModel.swift; sourceTree = "<group>"; };
		879F5EE828C26C9F00CA7F79 /* WelcomeViewController.swift */ = {isa = PBXFileReference; fileEncoding = 4; lastKnownFileType = sourcecode.swift; path = WelcomeViewController.swift; sourceTree = "<group>"; };
		879F5EEA28C26C9F00CA7F79 /* WelcomeView.xib */ = {isa = PBXFileReference; fileEncoding = 4; lastKnownFileType = file.xib; path = WelcomeView.xib; sourceTree = "<group>"; };
		879F5EF428C26E1800CA7F79 /* LoginViewModel.swift */ = {isa = PBXFileReference; fileEncoding = 4; lastKnownFileType = sourcecode.swift; path = LoginViewModel.swift; sourceTree = "<group>"; };
		879F5EF628C26E1800CA7F79 /* LoginViewController.swift */ = {isa = PBXFileReference; fileEncoding = 4; lastKnownFileType = sourcecode.swift; path = LoginViewController.swift; sourceTree = "<group>"; };
		879F5EF828C26E1800CA7F79 /* LoginView.xib */ = {isa = PBXFileReference; fileEncoding = 4; lastKnownFileType = file.xib; path = LoginView.xib; sourceTree = "<group>"; };
		879F5F0028C274A800CA7F79 /* MapViewModel.swift */ = {isa = PBXFileReference; fileEncoding = 4; lastKnownFileType = sourcecode.swift; path = MapViewModel.swift; sourceTree = "<group>"; };
		879F5F0228C274A800CA7F79 /* MapViewController.swift */ = {isa = PBXFileReference; fileEncoding = 4; lastKnownFileType = sourcecode.swift; path = MapViewController.swift; sourceTree = "<group>"; };
		879F5F0428C274A800CA7F79 /* MapView.xib */ = {isa = PBXFileReference; fileEncoding = 4; lastKnownFileType = file.xib; path = MapView.xib; sourceTree = "<group>"; };
		879F5F0828C27C7300CA7F79 /* NetworkHelper.swift */ = {isa = PBXFileReference; fileEncoding = 4; lastKnownFileType = sourcecode.swift; path = NetworkHelper.swift; sourceTree = "<group>"; };
		879F5F0A28C27CA200CA7F79 /* HeroModel.swift */ = {isa = PBXFileReference; fileEncoding = 4; lastKnownFileType = sourcecode.swift; path = HeroModel.swift; sourceTree = "<group>"; };
		879F5F0B28C27CA200CA7F79 /* LocalDataModel.swift */ = {isa = PBXFileReference; fileEncoding = 4; lastKnownFileType = sourcecode.swift; path = LocalDataModel.swift; sourceTree = "<group>"; };
		879F5F0E28C27CC300CA7F79 /* TransformationModel.swift */ = {isa = PBXFileReference; fileEncoding = 4; lastKnownFileType = sourcecode.swift; path = TransformationModel.swift; sourceTree = "<group>"; };
		879F5F6B28C3380B00CA7F79 /* KeychainManager.swift */ = {isa = PBXFileReference; lastKnownFileType = sourcecode.swift; path = KeychainManager.swift; sourceTree = "<group>"; };
		87E2E90028CD466E000C44A0 /* MKMapViewExtension.swift */ = {isa = PBXFileReference; lastKnownFileType = sourcecode.swift; path = MKMapViewExtension.swift; sourceTree = "<group>"; };
/* End PBXFileReference section */

/* Begin PBXFrameworksBuildPhase section */
		879F5E9C28C262FF00CA7F79 /* Frameworks */ = {
			isa = PBXFrameworksBuildPhase;
			buildActionMask = 2147483647;
			files = (
			);
			runOnlyForDeploymentPostprocessing = 0;
		};
		879F5EB528C2630000CA7F79 /* Frameworks */ = {
			isa = PBXFrameworksBuildPhase;
			buildActionMask = 2147483647;
			files = (
			);
			runOnlyForDeploymentPostprocessing = 0;
		};
		879F5EBF28C2630000CA7F79 /* Frameworks */ = {
			isa = PBXFrameworksBuildPhase;
			buildActionMask = 2147483647;
			files = (
			);
			runOnlyForDeploymentPostprocessing = 0;
		};
/* End PBXFrameworksBuildPhase section */

/* Begin PBXGroup section */
		879F5E9628C262FF00CA7F79 = {
			isa = PBXGroup;
			children = (
				879F5EA128C262FF00CA7F79 /* IOSAvanzadoDragonBall */,
				879F5EBB28C2630000CA7F79 /* IOSAvanzadoDragonBallTests */,
				879F5EC528C2630000CA7F79 /* IOSAvanzadoDragonBallUITests */,
				879F5EA028C262FF00CA7F79 /* Products */,
			);
			sourceTree = "<group>";
		};
		879F5EA028C262FF00CA7F79 /* Products */ = {
			isa = PBXGroup;
			children = (
				879F5E9F28C262FF00CA7F79 /* IOSAvanzadoDragonBall.app */,
				879F5EB828C2630000CA7F79 /* IOSAvanzadoDragonBallTests.xctest */,
				879F5EC228C2630000CA7F79 /* IOSAvanzadoDragonBallUITests.xctest */,
			);
			name = Products;
			sourceTree = "<group>";
		};
		879F5EA128C262FF00CA7F79 /* IOSAvanzadoDragonBall */ = {
			isa = PBXGroup;
			children = (
				879F5EDC28C264AF00CA7F79 /* App */,
				879F5ED828C2645300CA7F79 /* Domain */,
				879F5ED928C2645700CA7F79 /* UI */,
				879F5EAB28C262FF00CA7F79 /* IOSAvanzadoDragonBall.xcdatamodeld */,
			);
			path = IOSAvanzadoDragonBall;
			sourceTree = "<group>";
		};
		879F5EBB28C2630000CA7F79 /* IOSAvanzadoDragonBallTests */ = {
			isa = PBXGroup;
			children = (
				879F5EBC28C2630000CA7F79 /* IOSAvanzadoDragonBallTests.swift */,
			);
			path = IOSAvanzadoDragonBallTests;
			sourceTree = "<group>";
		};
		879F5EC528C2630000CA7F79 /* IOSAvanzadoDragonBallUITests */ = {
			isa = PBXGroup;
			children = (
				879F5EC628C2630000CA7F79 /* IOSAvanzadoDragonBallUITests.swift */,
				879F5EC828C2630000CA7F79 /* IOSAvanzadoDragonBallUITestsLaunchTests.swift */,
			);
			path = IOSAvanzadoDragonBallUITests;
			sourceTree = "<group>";
		};
		879F5ED528C2643B00CA7F79 /* Utils */ = {
			isa = PBXGroup;
			children = (
				879F5EDB28C264A300CA7F79 /* Managers */,
				879F5ED728C2644700CA7F79 /* Protocols */,
				879F5ED628C2644000CA7F79 /* Extensions */,
			);
			path = Utils;
			sourceTree = "<group>";
		};
		879F5ED628C2644000CA7F79 /* Extensions */ = {
			isa = PBXGroup;
			children = (
				873C2E5328C90EBE00D41C6E /* UIViewControllerExtension.swift */,
				87E2E90028CD466E000C44A0 /* MKMapViewExtension.swift */,
			);
			path = Extensions;
			sourceTree = "<group>";
		};
		879F5ED728C2644700CA7F79 /* Protocols */ = {
			isa = PBXGroup;
			children = (
			);
			path = Protocols;
			sourceTree = "<group>";
		};
		879F5ED828C2645300CA7F79 /* Domain */ = {
			isa = PBXGroup;
			children = (
				879F5EDA28C2647D00CA7F79 /* Models */,
				879F5ED528C2643B00CA7F79 /* Utils */,
			);
			path = Domain;
			sourceTree = "<group>";
		};
		879F5ED928C2645700CA7F79 /* UI */ = {
			isa = PBXGroup;
			children = (
				879F5EE428C26C9F00CA7F79 /* Welcome */,
				879F5EF228C26E1800CA7F79 /* Login */,
				879F5EFE28C274A800CA7F79 /* Map */,
				879F5EE128C26BC700CA7F79 /* Detail */,
			);
			path = UI;
			sourceTree = "<group>";
		};
		879F5EDA28C2647D00CA7F79 /* Models */ = {
			isa = PBXGroup;
			children = (
				879F5F0E28C27CC300CA7F79 /* TransformationModel.swift */,
				879F5F0A28C27CA200CA7F79 /* HeroModel.swift */,
				878BB56328CDB4D300D39298 /* LocalizationModel.swift */,
			);
			path = Models;
			sourceTree = "<group>";
		};
		879F5EDB28C264A300CA7F79 /* Managers */ = {
			isa = PBXGroup;
			children = (
				879F5F0B28C27CA200CA7F79 /* LocalDataModel.swift */,
				879F5F0828C27C7300CA7F79 /* NetworkHelper.swift */,
				879F5F6B28C3380B00CA7F79 /* KeychainManager.swift */,
				873C2E5528CB3B7300D41C6E /* CoreDataManager.swift */,
				873C2E5728CB50D000D41C6E /* RegexHelper.swift */,
			);
			path = Managers;
			sourceTree = "<group>";
		};
		879F5EDC28C264AF00CA7F79 /* App */ = {
			isa = PBXGroup;
			children = (
				879F5EB328C2630000CA7F79 /* Info.plist */,
				879F5EDD28C264BC00CA7F79 /* Resources */,
				879F5EA228C262FF00CA7F79 /* AppDelegate.swift */,
				879F5EA428C262FF00CA7F79 /* SceneDelegate.swift */,
				879F5EB028C2630000CA7F79 /* LaunchScreen.storyboard */,
			);
			path = App;
			sourceTree = "<group>";
		};
		879F5EDD28C264BC00CA7F79 /* Resources */ = {
			isa = PBXGroup;
			children = (
				879F5EAE28C2630000CA7F79 /* Assets.xcassets */,
			);
			path = Resources;
			sourceTree = "<group>";
		};
		879F5EE128C26BC700CA7F79 /* Detail */ = {
			isa = PBXGroup;
			children = (
			);
			path = Detail;
			sourceTree = "<group>";
		};
		879F5EE428C26C9F00CA7F79 /* Welcome */ = {
			isa = PBXGroup;
			children = (
				879F5EE528C26C9F00CA7F79 /* Models */,
				879F5EE928C26C9F00CA7F79 /* Views */,
				879F5EE728C26C9F00CA7F79 /* Controllers */,
			);
			name = Welcome;
			path = Welcome/Welcome;
			sourceTree = "<group>";
		};
		879F5EE528C26C9F00CA7F79 /* Models */ = {
			isa = PBXGroup;
			children = (
				879F5EE628C26C9F00CA7F79 /* WelcomeViewModel.swift */,
			);
			path = Models;
			sourceTree = "<group>";
		};
		879F5EE728C26C9F00CA7F79 /* Controllers */ = {
			isa = PBXGroup;
			children = (
				879F5EE828C26C9F00CA7F79 /* WelcomeViewController.swift */,
			);
			path = Controllers;
			sourceTree = "<group>";
		};
		879F5EE928C26C9F00CA7F79 /* Views */ = {
			isa = PBXGroup;
			children = (
				879F5EEA28C26C9F00CA7F79 /* WelcomeView.xib */,
			);
			path = Views;
			sourceTree = "<group>";
		};
		879F5EF228C26E1800CA7F79 /* Login */ = {
			isa = PBXGroup;
			children = (
				879F5EF328C26E1800CA7F79 /* Models */,
				879F5EF528C26E1800CA7F79 /* Controllers */,
				879F5EF728C26E1800CA7F79 /* Views */,
			);
			path = Login;
			sourceTree = "<group>";
		};
		879F5EF328C26E1800CA7F79 /* Models */ = {
			isa = PBXGroup;
			children = (
				879F5EF428C26E1800CA7F79 /* LoginViewModel.swift */,
			);
			path = Models;
			sourceTree = "<group>";
		};
		879F5EF528C26E1800CA7F79 /* Controllers */ = {
			isa = PBXGroup;
			children = (
				879F5EF628C26E1800CA7F79 /* LoginViewController.swift */,
			);
			path = Controllers;
			sourceTree = "<group>";
		};
		879F5EF728C26E1800CA7F79 /* Views */ = {
			isa = PBXGroup;
			children = (
				879F5EF828C26E1800CA7F79 /* LoginView.xib */,
			);
			path = Views;
			sourceTree = "<group>";
		};
		879F5EFE28C274A800CA7F79 /* Map */ = {
			isa = PBXGroup;
			children = (
				879F5EFF28C274A800CA7F79 /* Models */,
				879F5F0128C274A800CA7F79 /* Controllers */,
				879F5F0328C274A800CA7F79 /* Views */,
			);
			path = Map;
			sourceTree = "<group>";
		};
		879F5EFF28C274A800CA7F79 /* Models */ = {
			isa = PBXGroup;
			children = (
				879F5F0028C274A800CA7F79 /* MapViewModel.swift */,
			);
			path = Models;
			sourceTree = "<group>";
		};
		879F5F0128C274A800CA7F79 /* Controllers */ = {
			isa = PBXGroup;
			children = (
				879F5F0228C274A800CA7F79 /* MapViewController.swift */,
			);
			path = Controllers;
			sourceTree = "<group>";
		};
		879F5F0328C274A800CA7F79 /* Views */ = {
			isa = PBXGroup;
			children = (
				879F5F0428C274A800CA7F79 /* MapView.xib */,
			);
			path = Views;
			sourceTree = "<group>";
		};
/* End PBXGroup section */

/* Begin PBXNativeTarget section */
		879F5E9E28C262FF00CA7F79 /* IOSAvanzadoDragonBall */ = {
			isa = PBXNativeTarget;
			buildConfigurationList = 879F5ECC28C2630000CA7F79 /* Build configuration list for PBXNativeTarget "IOSAvanzadoDragonBall" */;
			buildPhases = (
				879F5E9B28C262FF00CA7F79 /* Sources */,
				879F5E9C28C262FF00CA7F79 /* Frameworks */,
				879F5E9D28C262FF00CA7F79 /* Resources */,
			);
			buildRules = (
			);
			dependencies = (
			);
			name = IOSAvanzadoDragonBall;
			productName = IOSAvanzadoDragonBall;
			productReference = 879F5E9F28C262FF00CA7F79 /* IOSAvanzadoDragonBall.app */;
			productType = "com.apple.product-type.application";
		};
		879F5EB728C2630000CA7F79 /* IOSAvanzadoDragonBallTests */ = {
			isa = PBXNativeTarget;
			buildConfigurationList = 879F5ECF28C2630000CA7F79 /* Build configuration list for PBXNativeTarget "IOSAvanzadoDragonBallTests" */;
			buildPhases = (
				879F5EB428C2630000CA7F79 /* Sources */,
				879F5EB528C2630000CA7F79 /* Frameworks */,
				879F5EB628C2630000CA7F79 /* Resources */,
			);
			buildRules = (
			);
			dependencies = (
				879F5EBA28C2630000CA7F79 /* PBXTargetDependency */,
			);
			name = IOSAvanzadoDragonBallTests;
			productName = IOSAvanzadoDragonBallTests;
			productReference = 879F5EB828C2630000CA7F79 /* IOSAvanzadoDragonBallTests.xctest */;
			productType = "com.apple.product-type.bundle.unit-test";
		};
		879F5EC128C2630000CA7F79 /* IOSAvanzadoDragonBallUITests */ = {
			isa = PBXNativeTarget;
			buildConfigurationList = 879F5ED228C2630000CA7F79 /* Build configuration list for PBXNativeTarget "IOSAvanzadoDragonBallUITests" */;
			buildPhases = (
				879F5EBE28C2630000CA7F79 /* Sources */,
				879F5EBF28C2630000CA7F79 /* Frameworks */,
				879F5EC028C2630000CA7F79 /* Resources */,
			);
			buildRules = (
			);
			dependencies = (
				879F5EC428C2630000CA7F79 /* PBXTargetDependency */,
			);
			name = IOSAvanzadoDragonBallUITests;
			productName = IOSAvanzadoDragonBallUITests;
			productReference = 879F5EC228C2630000CA7F79 /* IOSAvanzadoDragonBallUITests.xctest */;
			productType = "com.apple.product-type.bundle.ui-testing";
		};
/* End PBXNativeTarget section */

/* Begin PBXProject section */
		879F5E9728C262FF00CA7F79 /* Project object */ = {
			isa = PBXProject;
			attributes = {
				BuildIndependentTargetsInParallel = 1;
				LastSwiftUpdateCheck = 1320;
				LastUpgradeCheck = 1320;
				TargetAttributes = {
					879F5E9E28C262FF00CA7F79 = {
						CreatedOnToolsVersion = 13.2.1;
					};
					879F5EB728C2630000CA7F79 = {
						CreatedOnToolsVersion = 13.2.1;
						TestTargetID = 879F5E9E28C262FF00CA7F79;
					};
					879F5EC128C2630000CA7F79 = {
						CreatedOnToolsVersion = 13.2.1;
						TestTargetID = 879F5E9E28C262FF00CA7F79;
					};
				};
			};
			buildConfigurationList = 879F5E9A28C262FF00CA7F79 /* Build configuration list for PBXProject "IOSAvanzadoDragonBall" */;
			compatibilityVersion = "Xcode 13.0";
			developmentRegion = en;
			hasScannedForEncodings = 0;
			knownRegions = (
				en,
				Base,
			);
			mainGroup = 879F5E9628C262FF00CA7F79;
			productRefGroup = 879F5EA028C262FF00CA7F79 /* Products */;
			projectDirPath = "";
			projectRoot = "";
			targets = (
				879F5E9E28C262FF00CA7F79 /* IOSAvanzadoDragonBall */,
				879F5EB728C2630000CA7F79 /* IOSAvanzadoDragonBallTests */,
				879F5EC128C2630000CA7F79 /* IOSAvanzadoDragonBallUITests */,
			);
		};
/* End PBXProject section */

/* Begin PBXResourcesBuildPhase section */
		879F5E9D28C262FF00CA7F79 /* Resources */ = {
			isa = PBXResourcesBuildPhase;
			buildActionMask = 2147483647;
			files = (
				879F5EB228C2630000CA7F79 /* LaunchScreen.storyboard in Resources */,
				879F5EAF28C2630000CA7F79 /* Assets.xcassets in Resources */,
				879F5F0728C274A900CA7F79 /* MapView.xib in Resources */,
				879F5EFB28C26E1800CA7F79 /* LoginView.xib in Resources */,
				879F5EED28C26C9F00CA7F79 /* WelcomeView.xib in Resources */,
			);
			runOnlyForDeploymentPostprocessing = 0;
		};
		879F5EB628C2630000CA7F79 /* Resources */ = {
			isa = PBXResourcesBuildPhase;
			buildActionMask = 2147483647;
			files = (
			);
			runOnlyForDeploymentPostprocessing = 0;
		};
		879F5EC028C2630000CA7F79 /* Resources */ = {
			isa = PBXResourcesBuildPhase;
			buildActionMask = 2147483647;
			files = (
			);
			runOnlyForDeploymentPostprocessing = 0;
		};
/* End PBXResourcesBuildPhase section */

/* Begin PBXSourcesBuildPhase section */
		879F5E9B28C262FF00CA7F79 /* Sources */ = {
			isa = PBXSourcesBuildPhase;
			buildActionMask = 2147483647;
			files = (
				879F5EFA28C26E1800CA7F79 /* LoginViewController.swift in Sources */,
				879F5EA328C262FF00CA7F79 /* AppDelegate.swift in Sources */,
				873C2E5428C90EBE00D41C6E /* UIViewControllerExtension.swift in Sources */,
				879F5F0C28C27CA200CA7F79 /* HeroModel.swift in Sources */,
				879F5EEC28C26C9F00CA7F79 /* WelcomeViewController.swift in Sources */,
				879F5EF928C26E1800CA7F79 /* LoginViewModel.swift in Sources */,
				873C2E5828CB50D000D41C6E /* RegexHelper.swift in Sources */,
				879F5F6C28C3380B00CA7F79 /* KeychainManager.swift in Sources */,
				879F5F0D28C27CA200CA7F79 /* LocalDataModel.swift in Sources */,
				87E2E90128CD466E000C44A0 /* MKMapViewExtension.swift in Sources */,
				879F5F0628C274A900CA7F79 /* MapViewController.swift in Sources */,
				879F5EEB28C26C9F00CA7F79 /* WelcomeViewModel.swift in Sources */,
				879F5EA528C262FF00CA7F79 /* SceneDelegate.swift in Sources */,
				879F5F0F28C27CC300CA7F79 /* TransformationModel.swift in Sources */,
				878BB56428CDB4D300D39298 /* LocalizationModel.swift in Sources */,
				879F5EAD28C262FF00CA7F79 /* IOSAvanzadoDragonBall.xcdatamodeld in Sources */,
				879F5F0928C27C7300CA7F79 /* NetworkHelper.swift in Sources */,
				873C2E5628CB3B7300D41C6E /* CoreDataManager.swift in Sources */,
				879F5F0528C274A900CA7F79 /* MapViewModel.swift in Sources */,
			);
			runOnlyForDeploymentPostprocessing = 0;
		};
		879F5EB428C2630000CA7F79 /* Sources */ = {
			isa = PBXSourcesBuildPhase;
			buildActionMask = 2147483647;
			files = (
				879F5EBD28C2630000CA7F79 /* IOSAvanzadoDragonBallTests.swift in Sources */,
			);
			runOnlyForDeploymentPostprocessing = 0;
		};
		879F5EBE28C2630000CA7F79 /* Sources */ = {
			isa = PBXSourcesBuildPhase;
			buildActionMask = 2147483647;
			files = (
				879F5EC928C2630000CA7F79 /* IOSAvanzadoDragonBallUITestsLaunchTests.swift in Sources */,
				879F5EC728C2630000CA7F79 /* IOSAvanzadoDragonBallUITests.swift in Sources */,
			);
			runOnlyForDeploymentPostprocessing = 0;
		};
/* End PBXSourcesBuildPhase section */

/* Begin PBXTargetDependency section */
		879F5EBA28C2630000CA7F79 /* PBXTargetDependency */ = {
			isa = PBXTargetDependency;
			target = 879F5E9E28C262FF00CA7F79 /* IOSAvanzadoDragonBall */;
			targetProxy = 879F5EB928C2630000CA7F79 /* PBXContainerItemProxy */;
		};
		879F5EC428C2630000CA7F79 /* PBXTargetDependency */ = {
			isa = PBXTargetDependency;
			target = 879F5E9E28C262FF00CA7F79 /* IOSAvanzadoDragonBall */;
			targetProxy = 879F5EC328C2630000CA7F79 /* PBXContainerItemProxy */;
		};
/* End PBXTargetDependency section */

/* Begin PBXVariantGroup section */
		879F5EB028C2630000CA7F79 /* LaunchScreen.storyboard */ = {
			isa = PBXVariantGroup;
			children = (
				879F5EB128C2630000CA7F79 /* Base */,
			);
			name = LaunchScreen.storyboard;
			sourceTree = "<group>";
		};
/* End PBXVariantGroup section */

/* Begin XCBuildConfiguration section */
		879F5ECA28C2630000CA7F79 /* Debug */ = {
			isa = XCBuildConfiguration;
			buildSettings = {
				ALWAYS_SEARCH_USER_PATHS = NO;
				CLANG_ANALYZER_NONNULL = YES;
				CLANG_ANALYZER_NUMBER_OBJECT_CONVERSION = YES_AGGRESSIVE;
				CLANG_CXX_LANGUAGE_STANDARD = "gnu++17";
				CLANG_CXX_LIBRARY = "libc++";
				CLANG_ENABLE_MODULES = YES;
				CLANG_ENABLE_OBJC_ARC = YES;
				CLANG_ENABLE_OBJC_WEAK = YES;
				CLANG_WARN_BLOCK_CAPTURE_AUTORELEASING = YES;
				CLANG_WARN_BOOL_CONVERSION = YES;
				CLANG_WARN_COMMA = YES;
				CLANG_WARN_CONSTANT_CONVERSION = YES;
				CLANG_WARN_DEPRECATED_OBJC_IMPLEMENTATIONS = YES;
				CLANG_WARN_DIRECT_OBJC_ISA_USAGE = YES_ERROR;
				CLANG_WARN_DOCUMENTATION_COMMENTS = YES;
				CLANG_WARN_EMPTY_BODY = YES;
				CLANG_WARN_ENUM_CONVERSION = YES;
				CLANG_WARN_INFINITE_RECURSION = YES;
				CLANG_WARN_INT_CONVERSION = YES;
				CLANG_WARN_NON_LITERAL_NULL_CONVERSION = YES;
				CLANG_WARN_OBJC_IMPLICIT_RETAIN_SELF = YES;
				CLANG_WARN_OBJC_LITERAL_CONVERSION = YES;
				CLANG_WARN_OBJC_ROOT_CLASS = YES_ERROR;
				CLANG_WARN_QUOTED_INCLUDE_IN_FRAMEWORK_HEADER = YES;
				CLANG_WARN_RANGE_LOOP_ANALYSIS = YES;
				CLANG_WARN_STRICT_PROTOTYPES = YES;
				CLANG_WARN_SUSPICIOUS_MOVE = YES;
				CLANG_WARN_UNGUARDED_AVAILABILITY = YES_AGGRESSIVE;
				CLANG_WARN_UNREACHABLE_CODE = YES;
				CLANG_WARN__DUPLICATE_METHOD_MATCH = YES;
				COPY_PHASE_STRIP = NO;
				DEBUG_INFORMATION_FORMAT = dwarf;
				ENABLE_STRICT_OBJC_MSGSEND = YES;
				ENABLE_TESTABILITY = YES;
				GCC_C_LANGUAGE_STANDARD = gnu11;
				GCC_DYNAMIC_NO_PIC = NO;
				GCC_NO_COMMON_BLOCKS = YES;
				GCC_OPTIMIZATION_LEVEL = 0;
				GCC_PREPROCESSOR_DEFINITIONS = (
					"DEBUG=1",
					"$(inherited)",
				);
				GCC_WARN_64_TO_32_BIT_CONVERSION = YES;
				GCC_WARN_ABOUT_RETURN_TYPE = YES_ERROR;
				GCC_WARN_UNDECLARED_SELECTOR = YES;
				GCC_WARN_UNINITIALIZED_AUTOS = YES_AGGRESSIVE;
				GCC_WARN_UNUSED_FUNCTION = YES;
				GCC_WARN_UNUSED_VARIABLE = YES;
				IPHONEOS_DEPLOYMENT_TARGET = 15.2;
				MTL_ENABLE_DEBUG_INFO = INCLUDE_SOURCE;
				MTL_FAST_MATH = YES;
				ONLY_ACTIVE_ARCH = YES;
				SDKROOT = iphoneos;
				SWIFT_ACTIVE_COMPILATION_CONDITIONS = DEBUG;
				SWIFT_OPTIMIZATION_LEVEL = "-Onone";
			};
			name = Debug;
		};
		879F5ECB28C2630000CA7F79 /* Release */ = {
			isa = XCBuildConfiguration;
			buildSettings = {
				ALWAYS_SEARCH_USER_PATHS = NO;
				CLANG_ANALYZER_NONNULL = YES;
				CLANG_ANALYZER_NUMBER_OBJECT_CONVERSION = YES_AGGRESSIVE;
				CLANG_CXX_LANGUAGE_STANDARD = "gnu++17";
				CLANG_CXX_LIBRARY = "libc++";
				CLANG_ENABLE_MODULES = YES;
				CLANG_ENABLE_OBJC_ARC = YES;
				CLANG_ENABLE_OBJC_WEAK = YES;
				CLANG_WARN_BLOCK_CAPTURE_AUTORELEASING = YES;
				CLANG_WARN_BOOL_CONVERSION = YES;
				CLANG_WARN_COMMA = YES;
				CLANG_WARN_CONSTANT_CONVERSION = YES;
				CLANG_WARN_DEPRECATED_OBJC_IMPLEMENTATIONS = YES;
				CLANG_WARN_DIRECT_OBJC_ISA_USAGE = YES_ERROR;
				CLANG_WARN_DOCUMENTATION_COMMENTS = YES;
				CLANG_WARN_EMPTY_BODY = YES;
				CLANG_WARN_ENUM_CONVERSION = YES;
				CLANG_WARN_INFINITE_RECURSION = YES;
				CLANG_WARN_INT_CONVERSION = YES;
				CLANG_WARN_NON_LITERAL_NULL_CONVERSION = YES;
				CLANG_WARN_OBJC_IMPLICIT_RETAIN_SELF = YES;
				CLANG_WARN_OBJC_LITERAL_CONVERSION = YES;
				CLANG_WARN_OBJC_ROOT_CLASS = YES_ERROR;
				CLANG_WARN_QUOTED_INCLUDE_IN_FRAMEWORK_HEADER = YES;
				CLANG_WARN_RANGE_LOOP_ANALYSIS = YES;
				CLANG_WARN_STRICT_PROTOTYPES = YES;
				CLANG_WARN_SUSPICIOUS_MOVE = YES;
				CLANG_WARN_UNGUARDED_AVAILABILITY = YES_AGGRESSIVE;
				CLANG_WARN_UNREACHABLE_CODE = YES;
				CLANG_WARN__DUPLICATE_METHOD_MATCH = YES;
				COPY_PHASE_STRIP = NO;
				DEBUG_INFORMATION_FORMAT = "dwarf-with-dsym";
				ENABLE_NS_ASSERTIONS = NO;
				ENABLE_STRICT_OBJC_MSGSEND = YES;
				GCC_C_LANGUAGE_STANDARD = gnu11;
				GCC_NO_COMMON_BLOCKS = YES;
				GCC_WARN_64_TO_32_BIT_CONVERSION = YES;
				GCC_WARN_ABOUT_RETURN_TYPE = YES_ERROR;
				GCC_WARN_UNDECLARED_SELECTOR = YES;
				GCC_WARN_UNINITIALIZED_AUTOS = YES_AGGRESSIVE;
				GCC_WARN_UNUSED_FUNCTION = YES;
				GCC_WARN_UNUSED_VARIABLE = YES;
				IPHONEOS_DEPLOYMENT_TARGET = 15.2;
				MTL_ENABLE_DEBUG_INFO = NO;
				MTL_FAST_MATH = YES;
				SDKROOT = iphoneos;
				SWIFT_COMPILATION_MODE = wholemodule;
				SWIFT_OPTIMIZATION_LEVEL = "-O";
				VALIDATE_PRODUCT = YES;
			};
			name = Release;
		};
		879F5ECD28C2630000CA7F79 /* Debug */ = {
			isa = XCBuildConfiguration;
			buildSettings = {
				ASSETCATALOG_COMPILER_APPICON_NAME = AppIcon;
				ASSETCATALOG_COMPILER_GLOBAL_ACCENT_COLOR_NAME = AccentColor;
				CODE_SIGN_STYLE = Automatic;
				CURRENT_PROJECT_VERSION = 1;
				DEVELOPMENT_TEAM = 94HWZ76SXD;
				GENERATE_INFOPLIST_FILE = YES;
				INFOPLIST_FILE = IOSAvanzadoDragonBall/App/Info.plist;
				INFOPLIST_KEY_NSLocationAlwaysAndWhenInUseUsageDescription = "This app uses Localization for better performance";
				INFOPLIST_KEY_NSLocationAlwaysUsageDescription = "This app uses Localization for better performance";
				INFOPLIST_KEY_NSLocationUsageDescription = "This app uses Localization for better performance";
				INFOPLIST_KEY_NSLocationWhenInUseUsageDescription = "This app uses Localization for better performance";
				INFOPLIST_KEY_UIApplicationSupportsIndirectInputEvents = YES;
				INFOPLIST_KEY_UILaunchStoryboardName = LaunchScreen;
				INFOPLIST_KEY_UISupportedInterfaceOrientations_iPad = "UIInterfaceOrientationPortrait UIInterfaceOrientationPortraitUpsideDown UIInterfaceOrientationLandscapeLeft UIInterfaceOrientationLandscapeRight";
				INFOPLIST_KEY_UISupportedInterfaceOrientations_iPhone = "UIInterfaceOrientationPortrait UIInterfaceOrientationLandscapeLeft UIInterfaceOrientationLandscapeRight";
				IPHONEOS_DEPLOYMENT_TARGET = 16.0;
				LD_RUNPATH_SEARCH_PATHS = (
					"$(inherited)",
					"@executable_path/Frameworks",
				);
				MARKETING_VERSION = 1.0;
				PRODUCT_BUNDLE_IDENTIFIER = com.ismaelsabri.IOSAvanzadoDragonBall;
				PRODUCT_NAME = "$(TARGET_NAME)";
				SWIFT_EMIT_LOC_STRINGS = YES;
				SWIFT_VERSION = 5.0;
				TARGETED_DEVICE_FAMILY = 1;
			};
			name = Debug;
		};
		879F5ECE28C2630000CA7F79 /* Release */ = {
			isa = XCBuildConfiguration;
			buildSettings = {
				ASSETCATALOG_COMPILER_APPICON_NAME = AppIcon;
				ASSETCATALOG_COMPILER_GLOBAL_ACCENT_COLOR_NAME = AccentColor;
				CODE_SIGN_STYLE = Automatic;
				CURRENT_PROJECT_VERSION = 1;
				DEVELOPMENT_TEAM = 94HWZ76SXD;
				GENERATE_INFOPLIST_FILE = YES;
				INFOPLIST_FILE = IOSAvanzadoDragonBall/App/Info.plist;
				INFOPLIST_KEY_NSLocationAlwaysAndWhenInUseUsageDescription = "This app uses Localization for better performance";
				INFOPLIST_KEY_NSLocationAlwaysUsageDescription = "This app uses Localization for better performance";
				INFOPLIST_KEY_NSLocationUsageDescription = "This app uses Localization for better performance";
				INFOPLIST_KEY_NSLocationWhenInUseUsageDescription = "This app uses Localization for better performance";
				INFOPLIST_KEY_UIApplicationSupportsIndirectInputEvents = YES;
				INFOPLIST_KEY_UILaunchStoryboardName = LaunchScreen;
				INFOPLIST_KEY_UISupportedInterfaceOrientations_iPad = "UIInterfaceOrientationPortrait UIInterfaceOrientationPortraitUpsideDown UIInterfaceOrientationLandscapeLeft UIInterfaceOrientationLandscapeRight";
				INFOPLIST_KEY_UISupportedInterfaceOrientations_iPhone = "UIInterfaceOrientationPortrait UIInterfaceOrientationLandscapeLeft UIInterfaceOrientationLandscapeRight";
				IPHONEOS_DEPLOYMENT_TARGET = 16.0;
				LD_RUNPATH_SEARCH_PATHS = (
					"$(inherited)",
					"@executable_path/Frameworks",
				);
				MARKETING_VERSION = 1.0;
				PRODUCT_BUNDLE_IDENTIFIER = com.ismaelsabri.IOSAvanzadoDragonBall;
				PRODUCT_NAME = "$(TARGET_NAME)";
				SWIFT_EMIT_LOC_STRINGS = YES;
				SWIFT_VERSION = 5.0;
				TARGETED_DEVICE_FAMILY = 1;
			};
			name = Release;
		};
		879F5ED028C2630000CA7F79 /* Debug */ = {
			isa = XCBuildConfiguration;
			buildSettings = {
				ALWAYS_EMBED_SWIFT_STANDARD_LIBRARIES = YES;
				BUNDLE_LOADER = "$(TEST_HOST)";
				CODE_SIGN_STYLE = Automatic;
				CURRENT_PROJECT_VERSION = 1;
				DEVELOPMENT_TEAM = 94HWZ76SXD;
				GENERATE_INFOPLIST_FILE = YES;
				IPHONEOS_DEPLOYMENT_TARGET = 15.2;
				MARKETING_VERSION = 1.0;
				PRODUCT_BUNDLE_IDENTIFIER = com.ismaelsabri.IOSAvanzadoDragonBallTests;
				PRODUCT_NAME = "$(TARGET_NAME)";
				SWIFT_EMIT_LOC_STRINGS = NO;
				SWIFT_VERSION = 5.0;
				TARGETED_DEVICE_FAMILY = "1,2";
				TEST_HOST = "$(BUILT_PRODUCTS_DIR)/IOSAvanzadoDragonBall.app/IOSAvanzadoDragonBall";
			};
			name = Debug;
		};
		879F5ED128C2630000CA7F79 /* Release */ = {
			isa = XCBuildConfiguration;
			buildSettings = {
				ALWAYS_EMBED_SWIFT_STANDARD_LIBRARIES = YES;
				BUNDLE_LOADER = "$(TEST_HOST)";
				CODE_SIGN_STYLE = Automatic;
				CURRENT_PROJECT_VERSION = 1;
				DEVELOPMENT_TEAM = 94HWZ76SXD;
				GENERATE_INFOPLIST_FILE = YES;
				IPHONEOS_DEPLOYMENT_TARGET = 15.2;
				MARKETING_VERSION = 1.0;
				PRODUCT_BUNDLE_IDENTIFIER = com.ismaelsabri.IOSAvanzadoDragonBallTests;
				PRODUCT_NAME = "$(TARGET_NAME)";
				SWIFT_EMIT_LOC_STRINGS = NO;
				SWIFT_VERSION = 5.0;
				TARGETED_DEVICE_FAMILY = "1,2";
				TEST_HOST = "$(BUILT_PRODUCTS_DIR)/IOSAvanzadoDragonBall.app/IOSAvanzadoDragonBall";
			};
			name = Release;
		};
		879F5ED328C2630000CA7F79 /* Debug */ = {
			isa = XCBuildConfiguration;
			buildSettings = {
				ALWAYS_EMBED_SWIFT_STANDARD_LIBRARIES = YES;
				CODE_SIGN_STYLE = Automatic;
				CURRENT_PROJECT_VERSION = 1;
				DEVELOPMENT_TEAM = 94HWZ76SXD;
				GENERATE_INFOPLIST_FILE = YES;
				MARKETING_VERSION = 1.0;
				PRODUCT_BUNDLE_IDENTIFIER = com.ismaelsabri.IOSAvanzadoDragonBallUITests;
				PRODUCT_NAME = "$(TARGET_NAME)";
				SWIFT_EMIT_LOC_STRINGS = NO;
				SWIFT_VERSION = 5.0;
				TARGETED_DEVICE_FAMILY = "1,2";
				TEST_TARGET_NAME = IOSAvanzadoDragonBall;
			};
			name = Debug;
		};
		879F5ED428C2630000CA7F79 /* Release */ = {
			isa = XCBuildConfiguration;
			buildSettings = {
				ALWAYS_EMBED_SWIFT_STANDARD_LIBRARIES = YES;
				CODE_SIGN_STYLE = Automatic;
				CURRENT_PROJECT_VERSION = 1;
				DEVELOPMENT_TEAM = 94HWZ76SXD;
				GENERATE_INFOPLIST_FILE = YES;
				MARKETING_VERSION = 1.0;
				PRODUCT_BUNDLE_IDENTIFIER = com.ismaelsabri.IOSAvanzadoDragonBallUITests;
				PRODUCT_NAME = "$(TARGET_NAME)";
				SWIFT_EMIT_LOC_STRINGS = NO;
				SWIFT_VERSION = 5.0;
				TARGETED_DEVICE_FAMILY = "1,2";
				TEST_TARGET_NAME = IOSAvanzadoDragonBall;
			};
			name = Release;
		};
/* End XCBuildConfiguration section */

/* Begin XCConfigurationList section */
		879F5E9A28C262FF00CA7F79 /* Build configuration list for PBXProject "IOSAvanzadoDragonBall" */ = {
			isa = XCConfigurationList;
			buildConfigurations = (
				879F5ECA28C2630000CA7F79 /* Debug */,
				879F5ECB28C2630000CA7F79 /* Release */,
			);
			defaultConfigurationIsVisible = 0;
			defaultConfigurationName = Release;
		};
		879F5ECC28C2630000CA7F79 /* Build configuration list for PBXNativeTarget "IOSAvanzadoDragonBall" */ = {
			isa = XCConfigurationList;
			buildConfigurations = (
				879F5ECD28C2630000CA7F79 /* Debug */,
				879F5ECE28C2630000CA7F79 /* Release */,
			);
			defaultConfigurationIsVisible = 0;
			defaultConfigurationName = Release;
		};
		879F5ECF28C2630000CA7F79 /* Build configuration list for PBXNativeTarget "IOSAvanzadoDragonBallTests" */ = {
			isa = XCConfigurationList;
			buildConfigurations = (
				879F5ED028C2630000CA7F79 /* Debug */,
				879F5ED128C2630000CA7F79 /* Release */,
			);
			defaultConfigurationIsVisible = 0;
			defaultConfigurationName = Release;
		};
		879F5ED228C2630000CA7F79 /* Build configuration list for PBXNativeTarget "IOSAvanzadoDragonBallUITests" */ = {
			isa = XCConfigurationList;
			buildConfigurations = (
				879F5ED328C2630000CA7F79 /* Debug */,
				879F5ED428C2630000CA7F79 /* Release */,
			);
			defaultConfigurationIsVisible = 0;
			defaultConfigurationName = Release;
		};
/* End XCConfigurationList section */

/* Begin XCVersionGroup section */
		879F5EAB28C262FF00CA7F79 /* IOSAvanzadoDragonBall.xcdatamodeld */ = {
			isa = XCVersionGroup;
			children = (
				879F5EAC28C262FF00CA7F79 /* IOSAvanzadoDragonBall.xcdatamodel */,
			);
			currentVersion = 879F5EAC28C262FF00CA7F79 /* IOSAvanzadoDragonBall.xcdatamodel */;
			path = IOSAvanzadoDragonBall.xcdatamodeld;
			sourceTree = "<group>";
			versionGroupType = wrapper.xcdatamodel;
		};
/* End XCVersionGroup section */
	};
	rootObject = 879F5E9728C262FF00CA7F79 /* Project object */;
}
